
Microsoft Visual Studio Solution File, Format Version 12.00
# Visual Studio Version 16
VisualStudioVersion = 16.0.31321.278
MinimumVisualStudioVersion = 10.0.40219.1
Project("{D954291E-2A0B-460D-934E-DC6B0785DB48}") = "POSUNO.Shared", "POSUNO\POSUNO.Shared\POSUNO.Shared.shproj", "{6279C845-92F8-4333-AB99-3D213163593C}"
EndProject
Project("{2150E333-8FDC-42A3-9474-1A3956D46DE8}") = "Platforms", "Platforms", "{C51037EC-4616-4201-9923-B8CD75A21CCB}"
EndProject
Project("{FAE04EC0-301F-11D3-BF4B-00C04F79EFBC}") = "POSUNO.Droid", "POSUNO\POSUNO.Droid\POSUNO.Droid.csproj", "{B359CAF0-140B-414F-B156-CDDFF51BE5A4}"
EndProject
Project("{FAE04EC0-301F-11D3-BF4B-00C04F79EFBC}") = "POSUNO.iOS", "POSUNO\POSUNO.iOS\POSUNO.iOS.csproj", "{E4DBCA19-933C-41F4-B5E8-F47426C17BF0}"
EndProject
Project("{FAE04EC0-301F-11D3-BF4B-00C04F79EFBC}") = "POSUNO.UWP", "POSUNO\POSUNO.UWP\POSUNO.UWP.csproj", "{DF5A3BA1-2779-4C61-B65F-152B0DF9C945}"
EndProject
Project("{FAE04EC0-301F-11D3-BF4B-00C04F79EFBC}") = "POSUNO.Wasm", "POSUNO\POSUNO.Wasm\POSUNO.Wasm.csproj", "{D74886DF-2855-4157-9ED9-08CE9C049E18}"
EndProject
Project("{FAE04EC0-301F-11D3-BF4B-00C04F79EFBC}") = "POSUNO.macOS", "POSUNO\POSUNO.macOS\POSUNO.macOS.csproj", "{0A7F3C82-F914-44B2-9EDA-8D98DB8C1B81}"
EndProject
Project("{FAE04EC0-301F-11D3-BF4B-00C04F79EFBC}") = "POSUNO.Skia.Wpf.Host", "POSUNO\POSUNO.Skia.Wpf.Host\POSUNO.Skia.Wpf.Host.csproj", "{DD6029FF-F988-4E00-8C82-AA048E959CCB}"
EndProject
Project("{FAE04EC0-301F-11D3-BF4B-00C04F79EFBC}") = "POSUNO.Skia.Wpf", "POSUNO\POSUNO.Skia.Wpf\POSUNO.Skia.Wpf.csproj", "{B01880BB-0F40-4172-8CC6-818E360B9588}"
EndProject
Project("{FAE04EC0-301F-11D3-BF4B-00C04F79EFBC}") = "POSUNO.Skia.Gtk", "POSUNO\POSUNO.Skia.Gtk\POSUNO.Skia.Gtk.csproj", "{F8EC16CE-3E1D-46AE-8B0D-FEDCC8C8EB1D}"
EndProject
Project("{FAE04EC0-301F-11D3-BF4B-00C04F79EFBC}") = "POSUNO.Skia.Tizen", "POSUNO\POSUNO.Skia.Tizen\POSUNO.Skia.Tizen.csproj", "{FE4CE35A-6370-41AF-92EC-B2C7C126A1CF}"
EndProject
Project("{FAE04EC0-301F-11D3-BF4B-00C04F79EFBC}") = "POSUNO.Api", "..\POSUNO.Api\POSUNO.Api.csproj", "{3212D040-D68C-449B-BAA4-CBFE66337B8A}"
EndProject
Global
	GlobalSection(SharedMSBuildProjectFiles) = preSolution
		POSUNO\POSUNO.Shared\POSUNO.Shared.projitems*{0a7f3c82-f914-44b2-9eda-8d98db8c1b81}*SharedItemsImports = 4
		POSUNO\POSUNO.Shared\POSUNO.Shared.projitems*{6279c845-92f8-4333-ab99-3d213163593c}*SharedItemsImports = 13
		POSUNO\POSUNO.Shared\POSUNO.Shared.projitems*{b01880bb-0f40-4172-8cc6-818e360b9588}*SharedItemsImports = 5
		POSUNO\POSUNO.Shared\POSUNO.Shared.projitems*{b359caf0-140b-414f-b156-cddff51be5a4}*SharedItemsImports = 4
		POSUNO\POSUNO.Shared\POSUNO.Shared.projitems*{d74886df-2855-4157-9ed9-08ce9c049e18}*SharedItemsImports = 5
		POSUNO\POSUNO.Shared\POSUNO.Shared.projitems*{df5a3ba1-2779-4c61-b65f-152b0df9c945}*SharedItemsImports = 4
		POSUNO\POSUNO.Shared\POSUNO.Shared.projitems*{e4dbca19-933c-41f4-b5e8-f47426c17bf0}*SharedItemsImports = 4
		POSUNO\POSUNO.Shared\POSUNO.Shared.projitems*{f8ec16ce-3e1d-46ae-8b0d-fedcc8c8eb1d}*SharedItemsImports = 5
		POSUNO\POSUNO.Shared\POSUNO.Shared.projitems*{fe4ce35a-6370-41af-92ec-b2c7c126a1cf}*SharedItemsImports = 5
	EndGlobalSection
	GlobalSection(SolutionConfigurationPlatforms) = preSolution
		Ad-Hoc|Any CPU = Ad-Hoc|Any CPU
		Ad-Hoc|ARM = Ad-Hoc|ARM
		Ad-Hoc|ARM64 = Ad-Hoc|ARM64
		Ad-Hoc|iPhone = Ad-Hoc|iPhone
		Ad-Hoc|iPhoneSimulator = Ad-Hoc|iPhoneSimulator
		Ad-Hoc|x64 = Ad-Hoc|x64
		Ad-Hoc|x86 = Ad-Hoc|x86
		AppStore|Any CPU = AppStore|Any CPU
		AppStore|ARM = AppStore|ARM
		AppStore|ARM64 = AppStore|ARM64
		AppStore|iPhone = AppStore|iPhone
		AppStore|iPhoneSimulator = AppStore|iPhoneSimulator
		AppStore|x64 = AppStore|x64
		AppStore|x86 = AppStore|x86
		Debug|Any CPU = Debug|Any CPU
		Debug|ARM = Debug|ARM
		Debug|ARM64 = Debug|ARM64
		Debug|iPhone = Debug|iPhone
		Debug|iPhoneSimulator = Debug|iPhoneSimulator
		Debug|x64 = Debug|x64
		Debug|x86 = Debug|x86
		Release|Any CPU = Release|Any CPU
		Release|ARM = Release|ARM
		Release|ARM64 = Release|ARM64
		Release|iPhone = Release|iPhone
		Release|iPhoneSimulator = Release|iPhoneSimulator
		Release|x64 = Release|x64
		Release|x86 = Release|x86
	EndGlobalSection
	GlobalSection(ProjectConfigurationPlatforms) = postSolution
		{B359CAF0-140B-414F-B156-CDDFF51BE5A4}.Ad-Hoc|Any CPU.ActiveCfg = Debug|Any CPU
		{B359CAF0-140B-414F-B156-CDDFF51BE5A4}.Ad-Hoc|Any CPU.Build.0 = Debug|Any CPU
		{B359CAF0-140B-414F-B156-CDDFF51BE5A4}.Ad-Hoc|Any CPU.Deploy.0 = Debug|Any CPU
		{B359CAF0-140B-414F-B156-CDDFF51BE5A4}.Ad-Hoc|ARM.ActiveCfg = Debug|Any CPU
		{B359CAF0-140B-414F-B156-CDDFF51BE5A4}.Ad-Hoc|ARM.Build.0 = Debug|Any CPU
		{B359CAF0-140B-414F-B156-CDDFF51BE5A4}.Ad-Hoc|ARM.Deploy.0 = Debug|Any CPU
		{B359CAF0-140B-414F-B156-CDDFF51BE5A4}.Ad-Hoc|ARM64.ActiveCfg = Debug|Any CPU
		{B359CAF0-140B-414F-B156-CDDFF51BE5A4}.Ad-Hoc|ARM64.Build.0 = Debug|Any CPU
		{B359CAF0-140B-414F-B156-CDDFF51BE5A4}.Ad-Hoc|ARM64.Deploy.0 = Debug|Any CPU
		{B359CAF0-140B-414F-B156-CDDFF51BE5A4}.Ad-Hoc|iPhone.ActiveCfg = Debug|Any CPU
		{B359CAF0-140B-414F-B156-CDDFF51BE5A4}.Ad-Hoc|iPhone.Build.0 = Debug|Any CPU
		{B359CAF0-140B-414F-B156-CDDFF51BE5A4}.Ad-Hoc|iPhone.Deploy.0 = Debug|Any CPU
		{B359CAF0-140B-414F-B156-CDDFF51BE5A4}.Ad-Hoc|iPhoneSimulator.ActiveCfg = Debug|Any CPU
		{B359CAF0-140B-414F-B156-CDDFF51BE5A4}.Ad-Hoc|iPhoneSimulator.Build.0 = Debug|Any CPU
		{B359CAF0-140B-414F-B156-CDDFF51BE5A4}.Ad-Hoc|iPhoneSimulator.Deploy.0 = Debug|Any CPU
		{B359CAF0-140B-414F-B156-CDDFF51BE5A4}.Ad-Hoc|x64.ActiveCfg = Debug|Any CPU
		{B359CAF0-140B-414F-B156-CDDFF51BE5A4}.Ad-Hoc|x64.Build.0 = Debug|Any CPU
		{B359CAF0-140B-414F-B156-CDDFF51BE5A4}.Ad-Hoc|x64.Deploy.0 = Debug|Any CPU
		{B359CAF0-140B-414F-B156-CDDFF51BE5A4}.Ad-Hoc|x86.ActiveCfg = Debug|Any CPU
		{B359CAF0-140B-414F-B156-CDDFF51BE5A4}.Ad-Hoc|x86.Build.0 = Debug|Any CPU
		{B359CAF0-140B-414F-B156-CDDFF51BE5A4}.Ad-Hoc|x86.Deploy.0 = Debug|Any CPU
		{B359CAF0-140B-414F-B156-CDDFF51BE5A4}.AppStore|Any CPU.ActiveCfg = Debug|Any CPU
		{B359CAF0-140B-414F-B156-CDDFF51BE5A4}.AppStore|Any CPU.Build.0 = Debug|Any CPU
		{B359CAF0-140B-414F-B156-CDDFF51BE5A4}.AppStore|Any CPU.Deploy.0 = Debug|Any CPU
		{B359CAF0-140B-414F-B156-CDDFF51BE5A4}.AppStore|ARM.ActiveCfg = Debug|Any CPU
		{B359CAF0-140B-414F-B156-CDDFF51BE5A4}.AppStore|ARM.Build.0 = Debug|Any CPU
		{B359CAF0-140B-414F-B156-CDDFF51BE5A4}.AppStore|ARM.Deploy.0 = Debug|Any CPU
		{B359CAF0-140B-414F-B156-CDDFF51BE5A4}.AppStore|ARM64.ActiveCfg = Debug|Any CPU
		{B359CAF0-140B-414F-B156-CDDFF51BE5A4}.AppStore|ARM64.Build.0 = Debug|Any CPU
		{B359CAF0-140B-414F-B156-CDDFF51BE5A4}.AppStore|ARM64.Deploy.0 = Debug|Any CPU
		{B359CAF0-140B-414F-B156-CDDFF51BE5A4}.AppStore|iPhone.ActiveCfg = Debug|Any CPU
		{B359CAF0-140B-414F-B156-CDDFF51BE5A4}.AppStore|iPhone.Build.0 = Debug|Any CPU
		{B359CAF0-140B-414F-B156-CDDFF51BE5A4}.AppStore|iPhone.Deploy.0 = Debug|Any CPU
		{B359CAF0-140B-414F-B156-CDDFF51BE5A4}.AppStore|iPhoneSimulator.ActiveCfg = Debug|Any CPU
		{B359CAF0-140B-414F-B156-CDDFF51BE5A4}.AppStore|iPhoneSimulator.Build.0 = Debug|Any CPU
		{B359CAF0-140B-414F-B156-CDDFF51BE5A4}.AppStore|iPhoneSimulator.Deploy.0 = Debug|Any CPU
		{B359CAF0-140B-414F-B156-CDDFF51BE5A4}.AppStore|x64.ActiveCfg = Debug|Any CPU
		{B359CAF0-140B-414F-B156-CDDFF51BE5A4}.AppStore|x64.Build.0 = Debug|Any CPU
		{B359CAF0-140B-414F-B156-CDDFF51BE5A4}.AppStore|x64.Deploy.0 = Debug|Any CPU
		{B359CAF0-140B-414F-B156-CDDFF51BE5A4}.AppStore|x86.ActiveCfg = Debug|Any CPU
		{B359CAF0-140B-414F-B156-CDDFF51BE5A4}.AppStore|x86.Build.0 = Debug|Any CPU
		{B359CAF0-140B-414F-B156-CDDFF51BE5A4}.AppStore|x86.Deploy.0 = Debug|Any CPU
		{B359CAF0-140B-414F-B156-CDDFF51BE5A4}.Debug|Any CPU.ActiveCfg = Debug|Any CPU
		{B359CAF0-140B-414F-B156-CDDFF51BE5A4}.Debug|Any CPU.Build.0 = Debug|Any CPU
		{B359CAF0-140B-414F-B156-CDDFF51BE5A4}.Debug|Any CPU.Deploy.0 = Debug|Any CPU
		{B359CAF0-140B-414F-B156-CDDFF51BE5A4}.Debug|ARM.ActiveCfg = Debug|Any CPU
		{B359CAF0-140B-414F-B156-CDDFF51BE5A4}.Debug|ARM.Build.0 = Debug|Any CPU
		{B359CAF0-140B-414F-B156-CDDFF51BE5A4}.Debug|ARM.Deploy.0 = Debug|Any CPU
		{B359CAF0-140B-414F-B156-CDDFF51BE5A4}.Debug|ARM64.ActiveCfg = Debug|Any CPU
		{B359CAF0-140B-414F-B156-CDDFF51BE5A4}.Debug|ARM64.Build.0 = Debug|Any CPU
		{B359CAF0-140B-414F-B156-CDDFF51BE5A4}.Debug|ARM64.Deploy.0 = Debug|Any CPU
		{B359CAF0-140B-414F-B156-CDDFF51BE5A4}.Debug|iPhone.ActiveCfg = Debug|Any CPU
		{B359CAF0-140B-414F-B156-CDDFF51BE5A4}.Debug|iPhone.Build.0 = Debug|Any CPU
		{B359CAF0-140B-414F-B156-CDDFF51BE5A4}.Debug|iPhone.Deploy.0 = Debug|Any CPU
		{B359CAF0-140B-414F-B156-CDDFF51BE5A4}.Debug|iPhoneSimulator.ActiveCfg = Debug|Any CPU
		{B359CAF0-140B-414F-B156-CDDFF51BE5A4}.Debug|iPhoneSimulator.Build.0 = Debug|Any CPU
		{B359CAF0-140B-414F-B156-CDDFF51BE5A4}.Debug|iPhoneSimulator.Deploy.0 = Debug|Any CPU
		{B359CAF0-140B-414F-B156-CDDFF51BE5A4}.Debug|x64.ActiveCfg = Debug|Any CPU
		{B359CAF0-140B-414F-B156-CDDFF51BE5A4}.Debug|x64.Build.0 = Debug|Any CPU
		{B359CAF0-140B-414F-B156-CDDFF51BE5A4}.Debug|x64.Deploy.0 = Debug|Any CPU
		{B359CAF0-140B-414F-B156-CDDFF51BE5A4}.Debug|x86.ActiveCfg = Debug|Any CPU
		{B359CAF0-140B-414F-B156-CDDFF51BE5A4}.Debug|x86.Build.0 = Debug|Any CPU
		{B359CAF0-140B-414F-B156-CDDFF51BE5A4}.Debug|x86.Deploy.0 = Debug|Any CPU
		{B359CAF0-140B-414F-B156-CDDFF51BE5A4}.Release|Any CPU.ActiveCfg = Release|Any CPU
		{B359CAF0-140B-414F-B156-CDDFF51BE5A4}.Release|Any CPU.Build.0 = Release|Any CPU
		{B359CAF0-140B-414F-B156-CDDFF51BE5A4}.Release|Any CPU.Deploy.0 = Release|Any CPU
		{B359CAF0-140B-414F-B156-CDDFF51BE5A4}.Release|ARM.ActiveCfg = Release|Any CPU
		{B359CAF0-140B-414F-B156-CDDFF51BE5A4}.Release|ARM.Build.0 = Release|Any CPU
		{B359CAF0-140B-414F-B156-CDDFF51BE5A4}.Release|ARM.Deploy.0 = Release|Any CPU
		{B359CAF0-140B-414F-B156-CDDFF51BE5A4}.Release|ARM64.ActiveCfg = Release|Any CPU
		{B359CAF0-140B-414F-B156-CDDFF51BE5A4}.Release|ARM64.Build.0 = Release|Any CPU
		{B359CAF0-140B-414F-B156-CDDFF51BE5A4}.Release|ARM64.Deploy.0 = Release|Any CPU
		{B359CAF0-140B-414F-B156-CDDFF51BE5A4}.Release|iPhone.ActiveCfg = Release|Any CPU
		{B359CAF0-140B-414F-B156-CDDFF51BE5A4}.Release|iPhone.Build.0 = Release|Any CPU
		{B359CAF0-140B-414F-B156-CDDFF51BE5A4}.Release|iPhone.Deploy.0 = Release|Any CPU
		{B359CAF0-140B-414F-B156-CDDFF51BE5A4}.Release|iPhoneSimulator.ActiveCfg = Release|Any CPU
		{B359CAF0-140B-414F-B156-CDDFF51BE5A4}.Release|iPhoneSimulator.Build.0 = Release|Any CPU
		{B359CAF0-140B-414F-B156-CDDFF51BE5A4}.Release|iPhoneSimulator.Deploy.0 = Release|Any CPU
		{B359CAF0-140B-414F-B156-CDDFF51BE5A4}.Release|x64.ActiveCfg = Release|Any CPU
		{B359CAF0-140B-414F-B156-CDDFF51BE5A4}.Release|x64.Build.0 = Release|Any CPU
		{B359CAF0-140B-414F-B156-CDDFF51BE5A4}.Release|x64.Deploy.0 = Release|Any CPU
		{B359CAF0-140B-414F-B156-CDDFF51BE5A4}.Release|x86.ActiveCfg = Release|Any CPU
		{B359CAF0-140B-414F-B156-CDDFF51BE5A4}.Release|x86.Build.0 = Release|Any CPU
		{B359CAF0-140B-414F-B156-CDDFF51BE5A4}.Release|x86.Deploy.0 = Release|Any CPU
		{E4DBCA19-933C-41F4-B5E8-F47426C17BF0}.Ad-Hoc|Any CPU.ActiveCfg = Ad-Hoc|iPhoneSimulator
		{E4DBCA19-933C-41F4-B5E8-F47426C17BF0}.Ad-Hoc|ARM.ActiveCfg = Ad-Hoc|iPhoneSimulator
		{E4DBCA19-933C-41F4-B5E8-F47426C17BF0}.Ad-Hoc|ARM64.ActiveCfg = Ad-Hoc|iPhoneSimulator
		{E4DBCA19-933C-41F4-B5E8-F47426C17BF0}.Ad-Hoc|iPhone.ActiveCfg = Ad-Hoc|iPhone
		{E4DBCA19-933C-41F4-B5E8-F47426C17BF0}.Ad-Hoc|iPhone.Build.0 = Ad-Hoc|iPhone
		{E4DBCA19-933C-41F4-B5E8-F47426C17BF0}.Ad-Hoc|iPhoneSimulator.ActiveCfg = Ad-Hoc|iPhoneSimulator
		{E4DBCA19-933C-41F4-B5E8-F47426C17BF0}.Ad-Hoc|iPhoneSimulator.Build.0 = Ad-Hoc|iPhoneSimulator
		{E4DBCA19-933C-41F4-B5E8-F47426C17BF0}.Ad-Hoc|x64.ActiveCfg = Ad-Hoc|iPhoneSimulator
		{E4DBCA19-933C-41F4-B5E8-F47426C17BF0}.Ad-Hoc|x86.ActiveCfg = Ad-Hoc|iPhoneSimulator
		{E4DBCA19-933C-41F4-B5E8-F47426C17BF0}.AppStore|Any CPU.ActiveCfg = AppStore|iPhoneSimulator
		{E4DBCA19-933C-41F4-B5E8-F47426C17BF0}.AppStore|ARM.ActiveCfg = AppStore|iPhoneSimulator
		{E4DBCA19-933C-41F4-B5E8-F47426C17BF0}.AppStore|ARM64.ActiveCfg = AppStore|iPhoneSimulator
		{E4DBCA19-933C-41F4-B5E8-F47426C17BF0}.AppStore|iPhone.ActiveCfg = AppStore|iPhone
		{E4DBCA19-933C-41F4-B5E8-F47426C17BF0}.AppStore|iPhone.Build.0 = AppStore|iPhone
		{E4DBCA19-933C-41F4-B5E8-F47426C17BF0}.AppStore|iPhoneSimulator.ActiveCfg = AppStore|iPhoneSimulator
		{E4DBCA19-933C-41F4-B5E8-F47426C17BF0}.AppStore|iPhoneSimulator.Build.0 = AppStore|iPhoneSimulator
		{E4DBCA19-933C-41F4-B5E8-F47426C17BF0}.AppStore|x64.ActiveCfg = AppStore|iPhoneSimulator
		{E4DBCA19-933C-41F4-B5E8-F47426C17BF0}.AppStore|x86.ActiveCfg = AppStore|iPhoneSimulator
		{E4DBCA19-933C-41F4-B5E8-F47426C17BF0}.Debug|Any CPU.ActiveCfg = Debug|iPhoneSimulator
		{E4DBCA19-933C-41F4-B5E8-F47426C17BF0}.Debug|ARM.ActiveCfg = Debug|iPhoneSimulator
		{E4DBCA19-933C-41F4-B5E8-F47426C17BF0}.Debug|ARM64.ActiveCfg = Debug|iPhoneSimulator
		{E4DBCA19-933C-41F4-B5E8-F47426C17BF0}.Debug|iPhone.ActiveCfg = Debug|iPhone
		{E4DBCA19-933C-41F4-B5E8-F47426C17BF0}.Debug|iPhone.Build.0 = Debug|iPhone
		{E4DBCA19-933C-41F4-B5E8-F47426C17BF0}.Debug|iPhoneSimulator.ActiveCfg = Debug|iPhoneSimulator
		{E4DBCA19-933C-41F4-B5E8-F47426C17BF0}.Debug|iPhoneSimulator.Build.0 = Debug|iPhoneSimulator
		{E4DBCA19-933C-41F4-B5E8-F47426C17BF0}.Debug|x64.ActiveCfg = Debug|iPhoneSimulator
		{E4DBCA19-933C-41F4-B5E8-F47426C17BF0}.Debug|x86.ActiveCfg = Debug|iPhoneSimulator
		{E4DBCA19-933C-41F4-B5E8-F47426C17BF0}.Release|Any CPU.ActiveCfg = Release|iPhoneSimulator
		{E4DBCA19-933C-41F4-B5E8-F47426C17BF0}.Release|ARM.ActiveCfg = Release|iPhoneSimulator
		{E4DBCA19-933C-41F4-B5E8-F47426C17BF0}.Release|ARM64.ActiveCfg = Release|iPhoneSimulator
		{E4DBCA19-933C-41F4-B5E8-F47426C17BF0}.Release|iPhone.ActiveCfg = Release|iPhone
		{E4DBCA19-933C-41F4-B5E8-F47426C17BF0}.Release|iPhone.Build.0 = Release|iPhone
		{E4DBCA19-933C-41F4-B5E8-F47426C17BF0}.Release|iPhoneSimulator.ActiveCfg = Release|iPhoneSimulator
		{E4DBCA19-933C-41F4-B5E8-F47426C17BF0}.Release|iPhoneSimulator.Build.0 = Release|iPhoneSimulator
		{E4DBCA19-933C-41F4-B5E8-F47426C17BF0}.Release|x64.ActiveCfg = Release|iPhoneSimulator
		{E4DBCA19-933C-41F4-B5E8-F47426C17BF0}.Release|x86.ActiveCfg = Release|iPhoneSimulator
		{DF5A3BA1-2779-4C61-B65F-152B0DF9C945}.Ad-Hoc|Any CPU.ActiveCfg = Debug|x86
		{DF5A3BA1-2779-4C61-B65F-152B0DF9C945}.Ad-Hoc|Any CPU.Build.0 = Debug|x86
		{DF5A3BA1-2779-4C61-B65F-152B0DF9C945}.Ad-Hoc|Any CPU.Deploy.0 = Debug|x86
		{DF5A3BA1-2779-4C61-B65F-152B0DF9C945}.Ad-Hoc|ARM.ActiveCfg = Debug|ARM
		{DF5A3BA1-2779-4C61-B65F-152B0DF9C945}.Ad-Hoc|ARM.Build.0 = Debug|ARM
		{DF5A3BA1-2779-4C61-B65F-152B0DF9C945}.Ad-Hoc|ARM.Deploy.0 = Debug|ARM
		{DF5A3BA1-2779-4C61-B65F-152B0DF9C945}.Ad-Hoc|ARM64.ActiveCfg = Debug|ARM64
		{DF5A3BA1-2779-4C61-B65F-152B0DF9C945}.Ad-Hoc|ARM64.Build.0 = Debug|ARM64
		{DF5A3BA1-2779-4C61-B65F-152B0DF9C945}.Ad-Hoc|ARM64.Deploy.0 = Debug|ARM64
		{DF5A3BA1-2779-4C61-B65F-152B0DF9C945}.Ad-Hoc|iPhone.ActiveCfg = Debug|x86
		{DF5A3BA1-2779-4C61-B65F-152B0DF9C945}.Ad-Hoc|iPhone.Build.0 = Debug|x86
		{DF5A3BA1-2779-4C61-B65F-152B0DF9C945}.Ad-Hoc|iPhone.Deploy.0 = Debug|x86
		{DF5A3BA1-2779-4C61-B65F-152B0DF9C945}.Ad-Hoc|iPhoneSimulator.ActiveCfg = Debug|x86
		{DF5A3BA1-2779-4C61-B65F-152B0DF9C945}.Ad-Hoc|iPhoneSimulator.Build.0 = Debug|x86
		{DF5A3BA1-2779-4C61-B65F-152B0DF9C945}.Ad-Hoc|iPhoneSimulator.Deploy.0 = Debug|x86
		{DF5A3BA1-2779-4C61-B65F-152B0DF9C945}.Ad-Hoc|x64.ActiveCfg = Debug|x64
		{DF5A3BA1-2779-4C61-B65F-152B0DF9C945}.Ad-Hoc|x64.Build.0 = Debug|x64
		{DF5A3BA1-2779-4C61-B65F-152B0DF9C945}.Ad-Hoc|x64.Deploy.0 = Debug|x64
		{DF5A3BA1-2779-4C61-B65F-152B0DF9C945}.Ad-Hoc|x86.ActiveCfg = Debug|x86
		{DF5A3BA1-2779-4C61-B65F-152B0DF9C945}.Ad-Hoc|x86.Build.0 = Debug|x86
		{DF5A3BA1-2779-4C61-B65F-152B0DF9C945}.Ad-Hoc|x86.Deploy.0 = Debug|x86
		{DF5A3BA1-2779-4C61-B65F-152B0DF9C945}.AppStore|Any CPU.ActiveCfg = Debug|x86
		{DF5A3BA1-2779-4C61-B65F-152B0DF9C945}.AppStore|Any CPU.Build.0 = Debug|x86
		{DF5A3BA1-2779-4C61-B65F-152B0DF9C945}.AppStore|Any CPU.Deploy.0 = Debug|x86
		{DF5A3BA1-2779-4C61-B65F-152B0DF9C945}.AppStore|ARM.ActiveCfg = Debug|ARM
		{DF5A3BA1-2779-4C61-B65F-152B0DF9C945}.AppStore|ARM.Build.0 = Debug|ARM
		{DF5A3BA1-2779-4C61-B65F-152B0DF9C945}.AppStore|ARM.Deploy.0 = Debug|ARM
		{DF5A3BA1-2779-4C61-B65F-152B0DF9C945}.AppStore|ARM64.ActiveCfg = Debug|ARM64
		{DF5A3BA1-2779-4C61-B65F-152B0DF9C945}.AppStore|ARM64.Build.0 = Debug|ARM64
		{DF5A3BA1-2779-4C61-B65F-152B0DF9C945}.AppStore|ARM64.Deploy.0 = Debug|ARM64
		{DF5A3BA1-2779-4C61-B65F-152B0DF9C945}.AppStore|iPhone.ActiveCfg = Debug|x86
		{DF5A3BA1-2779-4C61-B65F-152B0DF9C945}.AppStore|iPhone.Build.0 = Debug|x86
		{DF5A3BA1-2779-4C61-B65F-152B0DF9C945}.AppStore|iPhone.Deploy.0 = Debug|x86
		{DF5A3BA1-2779-4C61-B65F-152B0DF9C945}.AppStore|iPhoneSimulator.ActiveCfg = Debug|x86
		{DF5A3BA1-2779-4C61-B65F-152B0DF9C945}.AppStore|iPhoneSimulator.Build.0 = Debug|x86
		{DF5A3BA1-2779-4C61-B65F-152B0DF9C945}.AppStore|iPhoneSimulator.Deploy.0 = Debug|x86
		{DF5A3BA1-2779-4C61-B65F-152B0DF9C945}.AppStore|x64.ActiveCfg = Debug|x64
		{DF5A3BA1-2779-4C61-B65F-152B0DF9C945}.AppStore|x64.Build.0 = Debug|x64
		{DF5A3BA1-2779-4C61-B65F-152B0DF9C945}.AppStore|x64.Deploy.0 = Debug|x64
		{DF5A3BA1-2779-4C61-B65F-152B0DF9C945}.AppStore|x86.ActiveCfg = Debug|x86
		{DF5A3BA1-2779-4C61-B65F-152B0DF9C945}.AppStore|x86.Build.0 = Debug|x86
		{DF5A3BA1-2779-4C61-B65F-152B0DF9C945}.AppStore|x86.Deploy.0 = Debug|x86
		{DF5A3BA1-2779-4C61-B65F-152B0DF9C945}.Debug|Any CPU.ActiveCfg = Debug|x86
		{DF5A3BA1-2779-4C61-B65F-152B0DF9C945}.Debug|Any CPU.Build.0 = Debug|x86
		{DF5A3BA1-2779-4C61-B65F-152B0DF9C945}.Debug|Any CPU.Deploy.0 = Debug|x86
		{DF5A3BA1-2779-4C61-B65F-152B0DF9C945}.Debug|ARM.ActiveCfg = Debug|ARM
		{DF5A3BA1-2779-4C61-B65F-152B0DF9C945}.Debug|ARM.Build.0 = Debug|ARM
		{DF5A3BA1-2779-4C61-B65F-152B0DF9C945}.Debug|ARM.Deploy.0 = Debug|ARM
		{DF5A3BA1-2779-4C61-B65F-152B0DF9C945}.Debug|ARM64.ActiveCfg = Debug|ARM64
		{DF5A3BA1-2779-4C61-B65F-152B0DF9C945}.Debug|ARM64.Build.0 = Debug|ARM64
		{DF5A3BA1-2779-4C61-B65F-152B0DF9C945}.Debug|ARM64.Deploy.0 = Debug|ARM64
		{DF5A3BA1-2779-4C61-B65F-152B0DF9C945}.Debug|iPhone.ActiveCfg = Debug|x86
		{DF5A3BA1-2779-4C61-B65F-152B0DF9C945}.Debug|iPhoneSimulator.ActiveCfg = Debug|x86
		{DF5A3BA1-2779-4C61-B65F-152B0DF9C945}.Debug|x64.ActiveCfg = Debug|x64
		{DF5A3BA1-2779-4C61-B65F-152B0DF9C945}.Debug|x64.Build.0 = Debug|x64
		{DF5A3BA1-2779-4C61-B65F-152B0DF9C945}.Debug|x64.Deploy.0 = Debug|x64
		{DF5A3BA1-2779-4C61-B65F-152B0DF9C945}.Debug|x86.ActiveCfg = Debug|x86
		{DF5A3BA1-2779-4C61-B65F-152B0DF9C945}.Debug|x86.Build.0 = Debug|x86
		{DF5A3BA1-2779-4C61-B65F-152B0DF9C945}.Debug|x86.Deploy.0 = Debug|x86
		{DF5A3BA1-2779-4C61-B65F-152B0DF9C945}.Release|Any CPU.ActiveCfg = Release|x86
		{DF5A3BA1-2779-4C61-B65F-152B0DF9C945}.Release|ARM.ActiveCfg = Release|ARM
		{DF5A3BA1-2779-4C61-B65F-152B0DF9C945}.Release|ARM.Build.0 = Release|ARM
		{DF5A3BA1-2779-4C61-B65F-152B0DF9C945}.Release|ARM.Deploy.0 = Release|ARM
		{DF5A3BA1-2779-4C61-B65F-152B0DF9C945}.Release|ARM64.ActiveCfg = Release|ARM64
		{DF5A3BA1-2779-4C61-B65F-152B0DF9C945}.Release|ARM64.Build.0 = Release|ARM64
		{DF5A3BA1-2779-4C61-B65F-152B0DF9C945}.Release|ARM64.Deploy.0 = Release|ARM64
		{DF5A3BA1-2779-4C61-B65F-152B0DF9C945}.Release|iPhone.ActiveCfg = Release|x86
		{DF5A3BA1-2779-4C61-B65F-152B0DF9C945}.Release|iPhoneSimulator.ActiveCfg = Release|x86
		{DF5A3BA1-2779-4C61-B65F-152B0DF9C945}.Release|x64.ActiveCfg = Release|x64
		{DF5A3BA1-2779-4C61-B65F-152B0DF9C945}.Release|x64.Build.0 = Release|x64
		{DF5A3BA1-2779-4C61-B65F-152B0DF9C945}.Release|x64.Deploy.0 = Release|x64
		{DF5A3BA1-2779-4C61-B65F-152B0DF9C945}.Release|x86.ActiveCfg = Release|x86
		{DF5A3BA1-2779-4C61-B65F-152B0DF9C945}.Release|x86.Build.0 = Release|x86
		{DF5A3BA1-2779-4C61-B65F-152B0DF9C945}.Release|x86.Deploy.0 = Release|x86
		{D74886DF-2855-4157-9ED9-08CE9C049E18}.Ad-Hoc|Any CPU.ActiveCfg = Debug|Any CPU
		{D74886DF-2855-4157-9ED9-08CE9C049E18}.Ad-Hoc|Any CPU.Build.0 = Debug|Any CPU
		{D74886DF-2855-4157-9ED9-08CE9C049E18}.Ad-Hoc|ARM.ActiveCfg = Debug|Any CPU
		{D74886DF-2855-4157-9ED9-08CE9C049E18}.Ad-Hoc|ARM.Build.0 = Debug|Any CPU
		{D74886DF-2855-4157-9ED9-08CE9C049E18}.Ad-Hoc|ARM64.ActiveCfg = Debug|Any CPU
		{D74886DF-2855-4157-9ED9-08CE9C049E18}.Ad-Hoc|ARM64.Build.0 = Debug|Any CPU
		{D74886DF-2855-4157-9ED9-08CE9C049E18}.Ad-Hoc|iPhone.ActiveCfg = Debug|Any CPU
		{D74886DF-2855-4157-9ED9-08CE9C049E18}.Ad-Hoc|iPhone.Build.0 = Debug|Any CPU
		{D74886DF-2855-4157-9ED9-08CE9C049E18}.Ad-Hoc|iPhoneSimulator.ActiveCfg = Debug|Any CPU
		{D74886DF-2855-4157-9ED9-08CE9C049E18}.Ad-Hoc|iPhoneSimulator.Build.0 = Debug|Any CPU
		{D74886DF-2855-4157-9ED9-08CE9C049E18}.Ad-Hoc|x64.ActiveCfg = Debug|Any CPU
		{D74886DF-2855-4157-9ED9-08CE9C049E18}.Ad-Hoc|x64.Build.0 = Debug|Any CPU
		{D74886DF-2855-4157-9ED9-08CE9C049E18}.Ad-Hoc|x86.ActiveCfg = Debug|Any CPU
		{D74886DF-2855-4157-9ED9-08CE9C049E18}.Ad-Hoc|x86.Build.0 = Debug|Any CPU
		{D74886DF-2855-4157-9ED9-08CE9C049E18}.AppStore|Any CPU.ActiveCfg = Debug|Any CPU
		{D74886DF-2855-4157-9ED9-08CE9C049E18}.AppStore|Any CPU.Build.0 = Debug|Any CPU
		{D74886DF-2855-4157-9ED9-08CE9C049E18}.AppStore|ARM.ActiveCfg = Debug|Any CPU
		{D74886DF-2855-4157-9ED9-08CE9C049E18}.AppStore|ARM.Build.0 = Debug|Any CPU
		{D74886DF-2855-4157-9ED9-08CE9C049E18}.AppStore|ARM64.ActiveCfg = Debug|Any CPU
		{D74886DF-2855-4157-9ED9-08CE9C049E18}.AppStore|ARM64.Build.0 = Debug|Any CPU
		{D74886DF-2855-4157-9ED9-08CE9C049E18}.AppStore|iPhone.ActiveCfg = Debug|Any CPU
		{D74886DF-2855-4157-9ED9-08CE9C049E18}.AppStore|iPhone.Build.0 = Debug|Any CPU
		{D74886DF-2855-4157-9ED9-08CE9C049E18}.AppStore|iPhoneSimulator.ActiveCfg = Debug|Any CPU
		{D74886DF-2855-4157-9ED9-08CE9C049E18}.AppStore|iPhoneSimulator.Build.0 = Debug|Any CPU
		{D74886DF-2855-4157-9ED9-08CE9C049E18}.AppStore|x64.ActiveCfg = Debug|Any CPU
		{D74886DF-2855-4157-9ED9-08CE9C049E18}.AppStore|x64.Build.0 = Debug|Any CPU
		{D74886DF-2855-4157-9ED9-08CE9C049E18}.AppStore|x86.ActiveCfg = Debug|Any CPU
		{D74886DF-2855-4157-9ED9-08CE9C049E18}.AppStore|x86.Build.0 = Debug|Any CPU
		{D74886DF-2855-4157-9ED9-08CE9C049E18}.Debug|Any CPU.ActiveCfg = Debug|Any CPU
		{D74886DF-2855-4157-9ED9-08CE9C049E18}.Debug|Any CPU.Build.0 = Debug|Any CPU
		{D74886DF-2855-4157-9ED9-08CE9C049E18}.Debug|ARM.ActiveCfg = Debug|Any CPU
		{D74886DF-2855-4157-9ED9-08CE9C049E18}.Debug|ARM.Build.0 = Debug|Any CPU
		{D74886DF-2855-4157-9ED9-08CE9C049E18}.Debug|ARM64.ActiveCfg = Debug|Any CPU
		{D74886DF-2855-4157-9ED9-08CE9C049E18}.Debug|ARM64.Build.0 = Debug|Any CPU
		{D74886DF-2855-4157-9ED9-08CE9C049E18}.Debug|iPhone.ActiveCfg = Debug|Any CPU
		{D74886DF-2855-4157-9ED9-08CE9C049E18}.Debug|iPhone.Build.0 = Debug|Any CPU
		{D74886DF-2855-4157-9ED9-08CE9C049E18}.Debug|iPhoneSimulator.ActiveCfg = Debug|Any CPU
		{D74886DF-2855-4157-9ED9-08CE9C049E18}.Debug|iPhoneSimulator.Build.0 = Debug|Any CPU
		{D74886DF-2855-4157-9ED9-08CE9C049E18}.Debug|x64.ActiveCfg = Debug|Any CPU
		{D74886DF-2855-4157-9ED9-08CE9C049E18}.Debug|x64.Build.0 = Debug|Any CPU
		{D74886DF-2855-4157-9ED9-08CE9C049E18}.Debug|x86.ActiveCfg = Debug|Any CPU
		{D74886DF-2855-4157-9ED9-08CE9C049E18}.Debug|x86.Build.0 = Debug|Any CPU
		{D74886DF-2855-4157-9ED9-08CE9C049E18}.Release|Any CPU.ActiveCfg = Release|Any CPU
		{D74886DF-2855-4157-9ED9-08CE9C049E18}.Release|Any CPU.Build.0 = Release|Any CPU
		{D74886DF-2855-4157-9ED9-08CE9C049E18}.Release|ARM.ActiveCfg = Release|Any CPU
		{D74886DF-2855-4157-9ED9-08CE9C049E18}.Release|ARM.Build.0 = Release|Any CPU
		{D74886DF-2855-4157-9ED9-08CE9C049E18}.Release|ARM64.ActiveCfg = Release|Any CPU
		{D74886DF-2855-4157-9ED9-08CE9C049E18}.Release|ARM64.Build.0 = Release|Any CPU
		{D74886DF-2855-4157-9ED9-08CE9C049E18}.Release|iPhone.ActiveCfg = Release|Any CPU
		{D74886DF-2855-4157-9ED9-08CE9C049E18}.Release|iPhone.Build.0 = Release|Any CPU
		{D74886DF-2855-4157-9ED9-08CE9C049E18}.Release|iPhoneSimulator.ActiveCfg = Release|Any CPU
		{D74886DF-2855-4157-9ED9-08CE9C049E18}.Release|iPhoneSimulator.Build.0 = Release|Any CPU
		{D74886DF-2855-4157-9ED9-08CE9C049E18}.Release|x64.ActiveCfg = Release|Any CPU
		{D74886DF-2855-4157-9ED9-08CE9C049E18}.Release|x64.Build.0 = Release|Any CPU
		{D74886DF-2855-4157-9ED9-08CE9C049E18}.Release|x86.ActiveCfg = Release|Any CPU
		{D74886DF-2855-4157-9ED9-08CE9C049E18}.Release|x86.Build.0 = Release|Any CPU
		{0A7F3C82-F914-44B2-9EDA-8D98DB8C1B81}.Ad-Hoc|Any CPU.ActiveCfg = Debug|iPhoneSimulator
		{0A7F3C82-F914-44B2-9EDA-8D98DB8C1B81}.Ad-Hoc|Any CPU.Build.0 = Debug|iPhoneSimulator
		{0A7F3C82-F914-44B2-9EDA-8D98DB8C1B81}.Ad-Hoc|ARM.ActiveCfg = Debug|iPhoneSimulator
		{0A7F3C82-F914-44B2-9EDA-8D98DB8C1B81}.Ad-Hoc|ARM.Build.0 = Debug|iPhoneSimulator
		{0A7F3C82-F914-44B2-9EDA-8D98DB8C1B81}.Ad-Hoc|ARM64.ActiveCfg = Debug|iPhoneSimulator
		{0A7F3C82-F914-44B2-9EDA-8D98DB8C1B81}.Ad-Hoc|ARM64.Build.0 = Debug|iPhoneSimulator
		{0A7F3C82-F914-44B2-9EDA-8D98DB8C1B81}.Ad-Hoc|iPhone.ActiveCfg = Debug|iPhoneSimulator
		{0A7F3C82-F914-44B2-9EDA-8D98DB8C1B81}.Ad-Hoc|iPhone.Build.0 = Debug|iPhoneSimulator
		{0A7F3C82-F914-44B2-9EDA-8D98DB8C1B81}.Ad-Hoc|iPhoneSimulator.ActiveCfg = Debug|iPhoneSimulator
		{0A7F3C82-F914-44B2-9EDA-8D98DB8C1B81}.Ad-Hoc|iPhoneSimulator.Build.0 = Debug|iPhoneSimulator
		{0A7F3C82-F914-44B2-9EDA-8D98DB8C1B81}.Ad-Hoc|x64.ActiveCfg = Debug|iPhoneSimulator
		{0A7F3C82-F914-44B2-9EDA-8D98DB8C1B81}.Ad-Hoc|x64.Build.0 = Debug|iPhoneSimulator
		{0A7F3C82-F914-44B2-9EDA-8D98DB8C1B81}.Ad-Hoc|x86.ActiveCfg = Debug|iPhoneSimulator
		{0A7F3C82-F914-44B2-9EDA-8D98DB8C1B81}.Ad-Hoc|x86.Build.0 = Debug|iPhoneSimulator
		{0A7F3C82-F914-44B2-9EDA-8D98DB8C1B81}.AppStore|Any CPU.ActiveCfg = Debug|iPhoneSimulator
		{0A7F3C82-F914-44B2-9EDA-8D98DB8C1B81}.AppStore|Any CPU.Build.0 = Debug|iPhoneSimulator
		{0A7F3C82-F914-44B2-9EDA-8D98DB8C1B81}.AppStore|ARM.ActiveCfg = Debug|iPhoneSimulator
		{0A7F3C82-F914-44B2-9EDA-8D98DB8C1B81}.AppStore|ARM.Build.0 = Debug|iPhoneSimulator
		{0A7F3C82-F914-44B2-9EDA-8D98DB8C1B81}.AppStore|ARM64.ActiveCfg = Debug|iPhoneSimulator
		{0A7F3C82-F914-44B2-9EDA-8D98DB8C1B81}.AppStore|ARM64.Build.0 = Debug|iPhoneSimulator
		{0A7F3C82-F914-44B2-9EDA-8D98DB8C1B81}.AppStore|iPhone.ActiveCfg = Debug|iPhoneSimulator
		{0A7F3C82-F914-44B2-9EDA-8D98DB8C1B81}.AppStore|iPhone.Build.0 = Debug|iPhoneSimulator
		{0A7F3C82-F914-44B2-9EDA-8D98DB8C1B81}.AppStore|iPhoneSimulator.ActiveCfg = Debug|iPhoneSimulator
		{0A7F3C82-F914-44B2-9EDA-8D98DB8C1B81}.AppStore|iPhoneSimulator.Build.0 = Debug|iPhoneSimulator
		{0A7F3C82-F914-44B2-9EDA-8D98DB8C1B81}.AppStore|x64.ActiveCfg = Debug|iPhoneSimulator
		{0A7F3C82-F914-44B2-9EDA-8D98DB8C1B81}.AppStore|x64.Build.0 = Debug|iPhoneSimulator
		{0A7F3C82-F914-44B2-9EDA-8D98DB8C1B81}.AppStore|x86.ActiveCfg = Debug|iPhoneSimulator
		{0A7F3C82-F914-44B2-9EDA-8D98DB8C1B81}.AppStore|x86.Build.0 = Debug|iPhoneSimulator
		{0A7F3C82-F914-44B2-9EDA-8D98DB8C1B81}.Debug|Any CPU.ActiveCfg = Debug|iPhoneSimulator
		{0A7F3C82-F914-44B2-9EDA-8D98DB8C1B81}.Debug|ARM.ActiveCfg = Debug|iPhoneSimulator
		{0A7F3C82-F914-44B2-9EDA-8D98DB8C1B81}.Debug|ARM64.ActiveCfg = Debug|iPhoneSimulator
		{0A7F3C82-F914-44B2-9EDA-8D98DB8C1B81}.Debug|iPhone.ActiveCfg = Debug|iPhoneSimulator
		{0A7F3C82-F914-44B2-9EDA-8D98DB8C1B81}.Debug|iPhoneSimulator.ActiveCfg = Debug|iPhoneSimulator
		{0A7F3C82-F914-44B2-9EDA-8D98DB8C1B81}.Debug|iPhoneSimulator.Build.0 = Debug|iPhoneSimulator
		{0A7F3C82-F914-44B2-9EDA-8D98DB8C1B81}.Debug|x64.ActiveCfg = Debug|iPhoneSimulator
		{0A7F3C82-F914-44B2-9EDA-8D98DB8C1B81}.Debug|x86.ActiveCfg = Debug|iPhoneSimulator
		{0A7F3C82-F914-44B2-9EDA-8D98DB8C1B81}.Release|Any CPU.ActiveCfg = Release|iPhoneSimulator
		{0A7F3C82-F914-44B2-9EDA-8D98DB8C1B81}.Release|ARM.ActiveCfg = Release|iPhoneSimulator
		{0A7F3C82-F914-44B2-9EDA-8D98DB8C1B81}.Release|ARM64.ActiveCfg = Release|iPhoneSimulator
		{0A7F3C82-F914-44B2-9EDA-8D98DB8C1B81}.Release|iPhone.ActiveCfg = Release|iPhoneSimulator
		{0A7F3C82-F914-44B2-9EDA-8D98DB8C1B81}.Release|iPhoneSimulator.ActiveCfg = Release|iPhoneSimulator
		{0A7F3C82-F914-44B2-9EDA-8D98DB8C1B81}.Release|iPhoneSimulator.Build.0 = Release|iPhoneSimulator
		{0A7F3C82-F914-44B2-9EDA-8D98DB8C1B81}.Release|x64.ActiveCfg = Release|iPhoneSimulator
		{0A7F3C82-F914-44B2-9EDA-8D98DB8C1B81}.Release|x86.ActiveCfg = Release|iPhoneSimulator
		{DD6029FF-F988-4E00-8C82-AA048E959CCB}.Ad-Hoc|Any CPU.ActiveCfg = Debug|Any CPU
		{DD6029FF-F988-4E00-8C82-AA048E959CCB}.Ad-Hoc|Any CPU.Build.0 = Debug|Any CPU
		{DD6029FF-F988-4E00-8C82-AA048E959CCB}.Ad-Hoc|ARM.ActiveCfg = Debug|Any CPU
		{DD6029FF-F988-4E00-8C82-AA048E959CCB}.Ad-Hoc|ARM.Build.0 = Debug|Any CPU
		{DD6029FF-F988-4E00-8C82-AA048E959CCB}.Ad-Hoc|ARM64.ActiveCfg = Debug|Any CPU
		{DD6029FF-F988-4E00-8C82-AA048E959CCB}.Ad-Hoc|ARM64.Build.0 = Debug|Any CPU
		{DD6029FF-F988-4E00-8C82-AA048E959CCB}.Ad-Hoc|iPhone.ActiveCfg = Debug|Any CPU
		{DD6029FF-F988-4E00-8C82-AA048E959CCB}.Ad-Hoc|iPhone.Build.0 = Debug|Any CPU
		{DD6029FF-F988-4E00-8C82-AA048E959CCB}.Ad-Hoc|iPhoneSimulator.ActiveCfg = Debug|Any CPU
		{DD6029FF-F988-4E00-8C82-AA048E959CCB}.Ad-Hoc|iPhoneSimulator.Build.0 = Debug|Any CPU
		{DD6029FF-F988-4E00-8C82-AA048E959CCB}.Ad-Hoc|x64.ActiveCfg = Debug|Any CPU
		{DD6029FF-F988-4E00-8C82-AA048E959CCB}.Ad-Hoc|x64.Build.0 = Debug|Any CPU
		{DD6029FF-F988-4E00-8C82-AA048E959CCB}.Ad-Hoc|x86.ActiveCfg = Debug|Any CPU
		{DD6029FF-F988-4E00-8C82-AA048E959CCB}.Ad-Hoc|x86.Build.0 = Debug|Any CPU
		{DD6029FF-F988-4E00-8C82-AA048E959CCB}.AppStore|Any CPU.ActiveCfg = Debug|Any CPU
		{DD6029FF-F988-4E00-8C82-AA048E959CCB}.AppStore|Any CPU.Build.0 = Debug|Any CPU
		{DD6029FF-F988-4E00-8C82-AA048E959CCB}.AppStore|ARM.ActiveCfg = Debug|Any CPU
		{DD6029FF-F988-4E00-8C82-AA048E959CCB}.AppStore|ARM.Build.0 = Debug|Any CPU
		{DD6029FF-F988-4E00-8C82-AA048E959CCB}.AppStore|ARM64.ActiveCfg = Debug|Any CPU
		{DD6029FF-F988-4E00-8C82-AA048E959CCB}.AppStore|ARM64.Build.0 = Debug|Any CPU
		{DD6029FF-F988-4E00-8C82-AA048E959CCB}.AppStore|iPhone.ActiveCfg = Debug|Any CPU
		{DD6029FF-F988-4E00-8C82-AA048E959CCB}.AppStore|iPhone.Build.0 = Debug|Any CPU
		{DD6029FF-F988-4E00-8C82-AA048E959CCB}.AppStore|iPhoneSimulator.ActiveCfg = Debug|Any CPU
		{DD6029FF-F988-4E00-8C82-AA048E959CCB}.AppStore|iPhoneSimulator.Build.0 = Debug|Any CPU
		{DD6029FF-F988-4E00-8C82-AA048E959CCB}.AppStore|x64.ActiveCfg = Debug|Any CPU
		{DD6029FF-F988-4E00-8C82-AA048E959CCB}.AppStore|x64.Build.0 = Debug|Any CPU
		{DD6029FF-F988-4E00-8C82-AA048E959CCB}.AppStore|x86.ActiveCfg = Debug|Any CPU
		{DD6029FF-F988-4E00-8C82-AA048E959CCB}.AppStore|x86.Build.0 = Debug|Any CPU
		{DD6029FF-F988-4E00-8C82-AA048E959CCB}.Debug|Any CPU.ActiveCfg = Debug|Any CPU
		{DD6029FF-F988-4E00-8C82-AA048E959CCB}.Debug|Any CPU.Build.0 = Debug|Any CPU
		{DD6029FF-F988-4E00-8C82-AA048E959CCB}.Debug|ARM.ActiveCfg = Debug|Any CPU
		{DD6029FF-F988-4E00-8C82-AA048E959CCB}.Debug|ARM.Build.0 = Debug|Any CPU
		{DD6029FF-F988-4E00-8C82-AA048E959CCB}.Debug|ARM64.ActiveCfg = Debug|Any CPU
		{DD6029FF-F988-4E00-8C82-AA048E959CCB}.Debug|ARM64.Build.0 = Debug|Any CPU
		{DD6029FF-F988-4E00-8C82-AA048E959CCB}.Debug|iPhone.ActiveCfg = Debug|Any CPU
		{DD6029FF-F988-4E00-8C82-AA048E959CCB}.Debug|iPhone.Build.0 = Debug|Any CPU
		{DD6029FF-F988-4E00-8C82-AA048E959CCB}.Debug|iPhoneSimulator.ActiveCfg = Debug|Any CPU
		{DD6029FF-F988-4E00-8C82-AA048E959CCB}.Debug|iPhoneSimulator.Build.0 = Debug|Any CPU
		{DD6029FF-F988-4E00-8C82-AA048E959CCB}.Debug|x64.ActiveCfg = Debug|Any CPU
		{DD6029FF-F988-4E00-8C82-AA048E959CCB}.Debug|x64.Build.0 = Debug|Any CPU
		{DD6029FF-F988-4E00-8C82-AA048E959CCB}.Debug|x86.ActiveCfg = Debug|Any CPU
		{DD6029FF-F988-4E00-8C82-AA048E959CCB}.Debug|x86.Build.0 = Debug|Any CPU
		{DD6029FF-F988-4E00-8C82-AA048E959CCB}.Release|Any CPU.ActiveCfg = Release|Any CPU
		{DD6029FF-F988-4E00-8C82-AA048E959CCB}.Release|Any CPU.Build.0 = Release|Any CPU
		{DD6029FF-F988-4E00-8C82-AA048E959CCB}.Release|ARM.ActiveCfg = Release|Any CPU
		{DD6029FF-F988-4E00-8C82-AA048E959CCB}.Release|ARM.Build.0 = Release|Any CPU
		{DD6029FF-F988-4E00-8C82-AA048E959CCB}.Release|ARM64.ActiveCfg = Release|Any CPU
		{DD6029FF-F988-4E00-8C82-AA048E959CCB}.Release|ARM64.Build.0 = Release|Any CPU
		{DD6029FF-F988-4E00-8C82-AA048E959CCB}.Release|iPhone.ActiveCfg = Release|Any CPU
		{DD6029FF-F988-4E00-8C82-AA048E959CCB}.Release|iPhone.Build.0 = Release|Any CPU
		{DD6029FF-F988-4E00-8C82-AA048E959CCB}.Release|iPhoneSimulator.ActiveCfg = Release|Any CPU
		{DD6029FF-F988-4E00-8C82-AA048E959CCB}.Release|iPhoneSimulator.Build.0 = Release|Any CPU
		{DD6029FF-F988-4E00-8C82-AA048E959CCB}.Release|x64.ActiveCfg = Release|Any CPU
		{DD6029FF-F988-4E00-8C82-AA048E959CCB}.Release|x64.Build.0 = Release|Any CPU
		{DD6029FF-F988-4E00-8C82-AA048E959CCB}.Release|x86.ActiveCfg = Release|Any CPU
		{DD6029FF-F988-4E00-8C82-AA048E959CCB}.Release|x86.Build.0 = Release|Any CPU
		{B01880BB-0F40-4172-8CC6-818E360B9588}.Ad-Hoc|Any CPU.ActiveCfg = Debug|Any CPU
		{B01880BB-0F40-4172-8CC6-818E360B9588}.Ad-Hoc|Any CPU.Build.0 = Debug|Any CPU
		{B01880BB-0F40-4172-8CC6-818E360B9588}.Ad-Hoc|ARM.ActiveCfg = Debug|Any CPU
		{B01880BB-0F40-4172-8CC6-818E360B9588}.Ad-Hoc|ARM.Build.0 = Debug|Any CPU
		{B01880BB-0F40-4172-8CC6-818E360B9588}.Ad-Hoc|ARM64.ActiveCfg = Debug|Any CPU
		{B01880BB-0F40-4172-8CC6-818E360B9588}.Ad-Hoc|ARM64.Build.0 = Debug|Any CPU
		{B01880BB-0F40-4172-8CC6-818E360B9588}.Ad-Hoc|iPhone.ActiveCfg = Debug|Any CPU
		{B01880BB-0F40-4172-8CC6-818E360B9588}.Ad-Hoc|iPhone.Build.0 = Debug|Any CPU
		{B01880BB-0F40-4172-8CC6-818E360B9588}.Ad-Hoc|iPhoneSimulator.ActiveCfg = Debug|Any CPU
		{B01880BB-0F40-4172-8CC6-818E360B9588}.Ad-Hoc|iPhoneSimulator.Build.0 = Debug|Any CPU
		{B01880BB-0F40-4172-8CC6-818E360B9588}.Ad-Hoc|x64.ActiveCfg = Debug|Any CPU
		{B01880BB-0F40-4172-8CC6-818E360B9588}.Ad-Hoc|x64.Build.0 = Debug|Any CPU
		{B01880BB-0F40-4172-8CC6-818E360B9588}.Ad-Hoc|x86.ActiveCfg = Debug|Any CPU
		{B01880BB-0F40-4172-8CC6-818E360B9588}.Ad-Hoc|x86.Build.0 = Debug|Any CPU
		{B01880BB-0F40-4172-8CC6-818E360B9588}.AppStore|Any CPU.ActiveCfg = Debug|Any CPU
		{B01880BB-0F40-4172-8CC6-818E360B9588}.AppStore|Any CPU.Build.0 = Debug|Any CPU
		{B01880BB-0F40-4172-8CC6-818E360B9588}.AppStore|ARM.ActiveCfg = Debug|Any CPU
		{B01880BB-0F40-4172-8CC6-818E360B9588}.AppStore|ARM.Build.0 = Debug|Any CPU
		{B01880BB-0F40-4172-8CC6-818E360B9588}.AppStore|ARM64.ActiveCfg = Debug|Any CPU
		{B01880BB-0F40-4172-8CC6-818E360B9588}.AppStore|ARM64.Build.0 = Debug|Any CPU
		{B01880BB-0F40-4172-8CC6-818E360B9588}.AppStore|iPhone.ActiveCfg = Debug|Any CPU
		{B01880BB-0F40-4172-8CC6-818E360B9588}.AppStore|iPhone.Build.0 = Debug|Any CPU
		{B01880BB-0F40-4172-8CC6-818E360B9588}.AppStore|iPhoneSimulator.ActiveCfg = Debug|Any CPU
		{B01880BB-0F40-4172-8CC6-818E360B9588}.AppStore|iPhoneSimulator.Build.0 = Debug|Any CPU
		{B01880BB-0F40-4172-8CC6-818E360B9588}.AppStore|x64.ActiveCfg = Debug|Any CPU
		{B01880BB-0F40-4172-8CC6-818E360B9588}.AppStore|x64.Build.0 = Debug|Any CPU
		{B01880BB-0F40-4172-8CC6-818E360B9588}.AppStore|x86.ActiveCfg = Debug|Any CPU
		{B01880BB-0F40-4172-8CC6-818E360B9588}.AppStore|x86.Build.0 = Debug|Any CPU
		{B01880BB-0F40-4172-8CC6-818E360B9588}.Debug|Any CPU.ActiveCfg = Debug|Any CPU
		{B01880BB-0F40-4172-8CC6-818E360B9588}.Debug|Any CPU.Build.0 = Debug|Any CPU
		{B01880BB-0F40-4172-8CC6-818E360B9588}.Debug|ARM.ActiveCfg = Debug|Any CPU
		{B01880BB-0F40-4172-8CC6-818E360B9588}.Debug|ARM.Build.0 = Debug|Any CPU
		{B01880BB-0F40-4172-8CC6-818E360B9588}.Debug|ARM64.ActiveCfg = Debug|Any CPU
		{B01880BB-0F40-4172-8CC6-818E360B9588}.Debug|ARM64.Build.0 = Debug|Any CPU
		{B01880BB-0F40-4172-8CC6-818E360B9588}.Debug|iPhone.ActiveCfg = Debug|Any CPU
		{B01880BB-0F40-4172-8CC6-818E360B9588}.Debug|iPhone.Build.0 = Debug|Any CPU
		{B01880BB-0F40-4172-8CC6-818E360B9588}.Debug|iPhoneSimulator.ActiveCfg = Debug|Any CPU
		{B01880BB-0F40-4172-8CC6-818E360B9588}.Debug|iPhoneSimulator.Build.0 = Debug|Any CPU
		{B01880BB-0F40-4172-8CC6-818E360B9588}.Debug|x64.ActiveCfg = Debug|Any CPU
		{B01880BB-0F40-4172-8CC6-818E360B9588}.Debug|x64.Build.0 = Debug|Any CPU
		{B01880BB-0F40-4172-8CC6-818E360B9588}.Debug|x86.ActiveCfg = Debug|Any CPU
		{B01880BB-0F40-4172-8CC6-818E360B9588}.Debug|x86.Build.0 = Debug|Any CPU
		{B01880BB-0F40-4172-8CC6-818E360B9588}.Release|Any CPU.ActiveCfg = Release|Any CPU
		{B01880BB-0F40-4172-8CC6-818E360B9588}.Release|Any CPU.Build.0 = Release|Any CPU
		{B01880BB-0F40-4172-8CC6-818E360B9588}.Release|ARM.ActiveCfg = Release|Any CPU
		{B01880BB-0F40-4172-8CC6-818E360B9588}.Release|ARM.Build.0 = Release|Any CPU
		{B01880BB-0F40-4172-8CC6-818E360B9588}.Release|ARM64.ActiveCfg = Release|Any CPU
		{B01880BB-0F40-4172-8CC6-818E360B9588}.Release|ARM64.Build.0 = Release|Any CPU
		{B01880BB-0F40-4172-8CC6-818E360B9588}.Release|iPhone.ActiveCfg = Release|Any CPU
		{B01880BB-0F40-4172-8CC6-818E360B9588}.Release|iPhone.Build.0 = Release|Any CPU
		{B01880BB-0F40-4172-8CC6-818E360B9588}.Release|iPhoneSimulator.ActiveCfg = Release|Any CPU
		{B01880BB-0F40-4172-8CC6-818E360B9588}.Release|iPhoneSimulator.Build.0 = Release|Any CPU
		{B01880BB-0F40-4172-8CC6-818E360B9588}.Release|x64.ActiveCfg = Release|Any CPU
		{B01880BB-0F40-4172-8CC6-818E360B9588}.Release|x64.Build.0 = Release|Any CPU
		{B01880BB-0F40-4172-8CC6-818E360B9588}.Release|x86.ActiveCfg = Release|Any CPU
		{B01880BB-0F40-4172-8CC6-818E360B9588}.Release|x86.Build.0 = Release|Any CPU
		{F8EC16CE-3E1D-46AE-8B0D-FEDCC8C8EB1D}.Ad-Hoc|Any CPU.ActiveCfg = Debug|Any CPU
		{F8EC16CE-3E1D-46AE-8B0D-FEDCC8C8EB1D}.Ad-Hoc|Any CPU.Build.0 = Debug|Any CPU
		{F8EC16CE-3E1D-46AE-8B0D-FEDCC8C8EB1D}.Ad-Hoc|ARM.ActiveCfg = Debug|Any CPU
		{F8EC16CE-3E1D-46AE-8B0D-FEDCC8C8EB1D}.Ad-Hoc|ARM.Build.0 = Debug|Any CPU
		{F8EC16CE-3E1D-46AE-8B0D-FEDCC8C8EB1D}.Ad-Hoc|ARM64.ActiveCfg = Debug|Any CPU
		{F8EC16CE-3E1D-46AE-8B0D-FEDCC8C8EB1D}.Ad-Hoc|ARM64.Build.0 = Debug|Any CPU
		{F8EC16CE-3E1D-46AE-8B0D-FEDCC8C8EB1D}.Ad-Hoc|iPhone.ActiveCfg = Debug|Any CPU
		{F8EC16CE-3E1D-46AE-8B0D-FEDCC8C8EB1D}.Ad-Hoc|iPhone.Build.0 = Debug|Any CPU
		{F8EC16CE-3E1D-46AE-8B0D-FEDCC8C8EB1D}.Ad-Hoc|iPhoneSimulator.ActiveCfg = Debug|Any CPU
		{F8EC16CE-3E1D-46AE-8B0D-FEDCC8C8EB1D}.Ad-Hoc|iPhoneSimulator.Build.0 = Debug|Any CPU
		{F8EC16CE-3E1D-46AE-8B0D-FEDCC8C8EB1D}.Ad-Hoc|x64.ActiveCfg = Debug|Any CPU
		{F8EC16CE-3E1D-46AE-8B0D-FEDCC8C8EB1D}.Ad-Hoc|x64.Build.0 = Debug|Any CPU
		{F8EC16CE-3E1D-46AE-8B0D-FEDCC8C8EB1D}.Ad-Hoc|x86.ActiveCfg = Debug|Any CPU
		{F8EC16CE-3E1D-46AE-8B0D-FEDCC8C8EB1D}.Ad-Hoc|x86.Build.0 = Debug|Any CPU
		{F8EC16CE-3E1D-46AE-8B0D-FEDCC8C8EB1D}.AppStore|Any CPU.ActiveCfg = Debug|Any CPU
		{F8EC16CE-3E1D-46AE-8B0D-FEDCC8C8EB1D}.AppStore|Any CPU.Build.0 = Debug|Any CPU
		{F8EC16CE-3E1D-46AE-8B0D-FEDCC8C8EB1D}.AppStore|ARM.ActiveCfg = Debug|Any CPU
		{F8EC16CE-3E1D-46AE-8B0D-FEDCC8C8EB1D}.AppStore|ARM.Build.0 = Debug|Any CPU
		{F8EC16CE-3E1D-46AE-8B0D-FEDCC8C8EB1D}.AppStore|ARM64.ActiveCfg = Debug|Any CPU
		{F8EC16CE-3E1D-46AE-8B0D-FEDCC8C8EB1D}.AppStore|ARM64.Build.0 = Debug|Any CPU
		{F8EC16CE-3E1D-46AE-8B0D-FEDCC8C8EB1D}.AppStore|iPhone.ActiveCfg = Debug|Any CPU
		{F8EC16CE-3E1D-46AE-8B0D-FEDCC8C8EB1D}.AppStore|iPhone.Build.0 = Debug|Any CPU
		{F8EC16CE-3E1D-46AE-8B0D-FEDCC8C8EB1D}.AppStore|iPhoneSimulator.ActiveCfg = Debug|Any CPU
		{F8EC16CE-3E1D-46AE-8B0D-FEDCC8C8EB1D}.AppStore|iPhoneSimulator.Build.0 = Debug|Any CPU
		{F8EC16CE-3E1D-46AE-8B0D-FEDCC8C8EB1D}.AppStore|x64.ActiveCfg = Debug|Any CPU
		{F8EC16CE-3E1D-46AE-8B0D-FEDCC8C8EB1D}.AppStore|x64.Build.0 = Debug|Any CPU
		{F8EC16CE-3E1D-46AE-8B0D-FEDCC8C8EB1D}.AppStore|x86.ActiveCfg = Debug|Any CPU
		{F8EC16CE-3E1D-46AE-8B0D-FEDCC8C8EB1D}.AppStore|x86.Build.0 = Debug|Any CPU
		{F8EC16CE-3E1D-46AE-8B0D-FEDCC8C8EB1D}.Debug|Any CPU.ActiveCfg = Debug|Any CPU
		{F8EC16CE-3E1D-46AE-8B0D-FEDCC8C8EB1D}.Debug|Any CPU.Build.0 = Debug|Any CPU
		{F8EC16CE-3E1D-46AE-8B0D-FEDCC8C8EB1D}.Debug|ARM.ActiveCfg = Debug|Any CPU
		{F8EC16CE-3E1D-46AE-8B0D-FEDCC8C8EB1D}.Debug|ARM.Build.0 = Debug|Any CPU
		{F8EC16CE-3E1D-46AE-8B0D-FEDCC8C8EB1D}.Debug|ARM64.ActiveCfg = Debug|Any CPU
		{F8EC16CE-3E1D-46AE-8B0D-FEDCC8C8EB1D}.Debug|ARM64.Build.0 = Debug|Any CPU
		{F8EC16CE-3E1D-46AE-8B0D-FEDCC8C8EB1D}.Debug|iPhone.ActiveCfg = Debug|Any CPU
		{F8EC16CE-3E1D-46AE-8B0D-FEDCC8C8EB1D}.Debug|iPhone.Build.0 = Debug|Any CPU
		{F8EC16CE-3E1D-46AE-8B0D-FEDCC8C8EB1D}.Debug|iPhoneSimulator.ActiveCfg = Debug|Any CPU
		{F8EC16CE-3E1D-46AE-8B0D-FEDCC8C8EB1D}.Debug|iPhoneSimulator.Build.0 = Debug|Any CPU
		{F8EC16CE-3E1D-46AE-8B0D-FEDCC8C8EB1D}.Debug|x64.ActiveCfg = Debug|Any CPU
		{F8EC16CE-3E1D-46AE-8B0D-FEDCC8C8EB1D}.Debug|x64.Build.0 = Debug|Any CPU
		{F8EC16CE-3E1D-46AE-8B0D-FEDCC8C8EB1D}.Debug|x86.ActiveCfg = Debug|Any CPU
		{F8EC16CE-3E1D-46AE-8B0D-FEDCC8C8EB1D}.Debug|x86.Build.0 = Debug|Any CPU
		{F8EC16CE-3E1D-46AE-8B0D-FEDCC8C8EB1D}.Release|Any CPU.ActiveCfg = Release|Any CPU
		{F8EC16CE-3E1D-46AE-8B0D-FEDCC8C8EB1D}.Release|Any CPU.Build.0 = Release|Any CPU
		{F8EC16CE-3E1D-46AE-8B0D-FEDCC8C8EB1D}.Release|ARM.ActiveCfg = Release|Any CPU
		{F8EC16CE-3E1D-46AE-8B0D-FEDCC8C8EB1D}.Release|ARM.Build.0 = Release|Any CPU
		{F8EC16CE-3E1D-46AE-8B0D-FEDCC8C8EB1D}.Release|ARM64.ActiveCfg = Release|Any CPU
		{F8EC16CE-3E1D-46AE-8B0D-FEDCC8C8EB1D}.Release|ARM64.Build.0 = Release|Any CPU
		{F8EC16CE-3E1D-46AE-8B0D-FEDCC8C8EB1D}.Release|iPhone.ActiveCfg = Release|Any CPU
		{F8EC16CE-3E1D-46AE-8B0D-FEDCC8C8EB1D}.Release|iPhone.Build.0 = Release|Any CPU
		{F8EC16CE-3E1D-46AE-8B0D-FEDCC8C8EB1D}.Release|iPhoneSimulator.ActiveCfg = Release|Any CPU
		{F8EC16CE-3E1D-46AE-8B0D-FEDCC8C8EB1D}.Release|iPhoneSimulator.Build.0 = Release|Any CPU
		{F8EC16CE-3E1D-46AE-8B0D-FEDCC8C8EB1D}.Release|x64.ActiveCfg = Release|Any CPU
		{F8EC16CE-3E1D-46AE-8B0D-FEDCC8C8EB1D}.Release|x64.Build.0 = Release|Any CPU
		{F8EC16CE-3E1D-46AE-8B0D-FEDCC8C8EB1D}.Release|x86.ActiveCfg = Release|Any CPU
		{F8EC16CE-3E1D-46AE-8B0D-FEDCC8C8EB1D}.Release|x86.Build.0 = Release|Any CPU
		{FE4CE35A-6370-41AF-92EC-B2C7C126A1CF}.Ad-Hoc|Any CPU.ActiveCfg = Debug|Any CPU
		{FE4CE35A-6370-41AF-92EC-B2C7C126A1CF}.Ad-Hoc|Any CPU.Build.0 = Debug|Any CPU
		{FE4CE35A-6370-41AF-92EC-B2C7C126A1CF}.Ad-Hoc|ARM.ActiveCfg = Debug|Any CPU
		{FE4CE35A-6370-41AF-92EC-B2C7C126A1CF}.Ad-Hoc|ARM.Build.0 = Debug|Any CPU
		{FE4CE35A-6370-41AF-92EC-B2C7C126A1CF}.Ad-Hoc|ARM64.ActiveCfg = Debug|Any CPU
		{FE4CE35A-6370-41AF-92EC-B2C7C126A1CF}.Ad-Hoc|ARM64.Build.0 = Debug|Any CPU
		{FE4CE35A-6370-41AF-92EC-B2C7C126A1CF}.Ad-Hoc|iPhone.ActiveCfg = Debug|Any CPU
		{FE4CE35A-6370-41AF-92EC-B2C7C126A1CF}.Ad-Hoc|iPhone.Build.0 = Debug|Any CPU
		{FE4CE35A-6370-41AF-92EC-B2C7C126A1CF}.Ad-Hoc|iPhoneSimulator.ActiveCfg = Debug|Any CPU
		{FE4CE35A-6370-41AF-92EC-B2C7C126A1CF}.Ad-Hoc|iPhoneSimulator.Build.0 = Debug|Any CPU
		{FE4CE35A-6370-41AF-92EC-B2C7C126A1CF}.Ad-Hoc|x64.ActiveCfg = Debug|Any CPU
		{FE4CE35A-6370-41AF-92EC-B2C7C126A1CF}.Ad-Hoc|x64.Build.0 = Debug|Any CPU
		{FE4CE35A-6370-41AF-92EC-B2C7C126A1CF}.Ad-Hoc|x86.ActiveCfg = Debug|Any CPU
		{FE4CE35A-6370-41AF-92EC-B2C7C126A1CF}.Ad-Hoc|x86.Build.0 = Debug|Any CPU
		{FE4CE35A-6370-41AF-92EC-B2C7C126A1CF}.AppStore|Any CPU.ActiveCfg = Debug|Any CPU
		{FE4CE35A-6370-41AF-92EC-B2C7C126A1CF}.AppStore|Any CPU.Build.0 = Debug|Any CPU
		{FE4CE35A-6370-41AF-92EC-B2C7C126A1CF}.AppStore|ARM.ActiveCfg = Debug|Any CPU
		{FE4CE35A-6370-41AF-92EC-B2C7C126A1CF}.AppStore|ARM.Build.0 = Debug|Any CPU
		{FE4CE35A-6370-41AF-92EC-B2C7C126A1CF}.AppStore|ARM64.ActiveCfg = Debug|Any CPU
		{FE4CE35A-6370-41AF-92EC-B2C7C126A1CF}.AppStore|ARM64.Build.0 = Debug|Any CPU
		{FE4CE35A-6370-41AF-92EC-B2C7C126A1CF}.AppStore|iPhone.ActiveCfg = Debug|Any CPU
		{FE4CE35A-6370-41AF-92EC-B2C7C126A1CF}.AppStore|iPhone.Build.0 = Debug|Any CPU
		{FE4CE35A-6370-41AF-92EC-B2C7C126A1CF}.AppStore|iPhoneSimulator.ActiveCfg = Debug|Any CPU
		{FE4CE35A-6370-41AF-92EC-B2C7C126A1CF}.AppStore|iPhoneSimulator.Build.0 = Debug|Any CPU
		{FE4CE35A-6370-41AF-92EC-B2C7C126A1CF}.AppStore|x64.ActiveCfg = Debug|Any CPU
		{FE4CE35A-6370-41AF-92EC-B2C7C126A1CF}.AppStore|x64.Build.0 = Debug|Any CPU
		{FE4CE35A-6370-41AF-92EC-B2C7C126A1CF}.AppStore|x86.ActiveCfg = Debug|Any CPU
		{FE4CE35A-6370-41AF-92EC-B2C7C126A1CF}.AppStore|x86.Build.0 = Debug|Any CPU
		{FE4CE35A-6370-41AF-92EC-B2C7C126A1CF}.Debug|Any CPU.ActiveCfg = Debug|Any CPU
		{FE4CE35A-6370-41AF-92EC-B2C7C126A1CF}.Debug|Any CPU.Build.0 = Debug|Any CPU
		{FE4CE35A-6370-41AF-92EC-B2C7C126A1CF}.Debug|ARM.ActiveCfg = Debug|Any CPU
		{FE4CE35A-6370-41AF-92EC-B2C7C126A1CF}.Debug|ARM.Build.0 = Debug|Any CPU
		{FE4CE35A-6370-41AF-92EC-B2C7C126A1CF}.Debug|ARM64.ActiveCfg = Debug|Any CPU
		{FE4CE35A-6370-41AF-92EC-B2C7C126A1CF}.Debug|ARM64.Build.0 = Debug|Any CPU
		{FE4CE35A-6370-41AF-92EC-B2C7C126A1CF}.Debug|iPhone.ActiveCfg = Debug|Any CPU
		{FE4CE35A-6370-41AF-92EC-B2C7C126A1CF}.Debug|iPhone.Build.0 = Debug|Any CPU
		{FE4CE35A-6370-41AF-92EC-B2C7C126A1CF}.Debug|iPhoneSimulator.ActiveCfg = Debug|Any CPU
		{FE4CE35A-6370-41AF-92EC-B2C7C126A1CF}.Debug|iPhoneSimulator.Build.0 = Debug|Any CPU
		{FE4CE35A-6370-41AF-92EC-B2C7C126A1CF}.Debug|x64.ActiveCfg = Debug|Any CPU
		{FE4CE35A-6370-41AF-92EC-B2C7C126A1CF}.Debug|x64.Build.0 = Debug|Any CPU
		{FE4CE35A-6370-41AF-92EC-B2C7C126A1CF}.Debug|x86.ActiveCfg = Debug|Any CPU
		{FE4CE35A-6370-41AF-92EC-B2C7C126A1CF}.Debug|x86.Build.0 = Debug|Any CPU
		{FE4CE35A-6370-41AF-92EC-B2C7C126A1CF}.Release|Any CPU.ActiveCfg = Release|Any CPU
		{FE4CE35A-6370-41AF-92EC-B2C7C126A1CF}.Release|Any CPU.Build.0 = Release|Any CPU
		{FE4CE35A-6370-41AF-92EC-B2C7C126A1CF}.Release|ARM.ActiveCfg = Release|Any CPU
		{FE4CE35A-6370-41AF-92EC-B2C7C126A1CF}.Release|ARM.Build.0 = Release|Any CPU
		{FE4CE35A-6370-41AF-92EC-B2C7C126A1CF}.Release|ARM64.ActiveCfg = Release|Any CPU
		{FE4CE35A-6370-41AF-92EC-B2C7C126A1CF}.Release|ARM64.Build.0 = Release|Any CPU
		{FE4CE35A-6370-41AF-92EC-B2C7C126A1CF}.Release|iPhone.ActiveCfg = Release|Any CPU
		{FE4CE35A-6370-41AF-92EC-B2C7C126A1CF}.Release|iPhone.Build.0 = Release|Any CPU
		{FE4CE35A-6370-41AF-92EC-B2C7C126A1CF}.Release|iPhoneSimulator.ActiveCfg = Release|Any CPU
		{FE4CE35A-6370-41AF-92EC-B2C7C126A1CF}.Release|iPhoneSimulator.Build.0 = Release|Any CPU
		{FE4CE35A-6370-41AF-92EC-B2C7C126A1CF}.Release|x64.ActiveCfg = Release|Any CPU
		{FE4CE35A-6370-41AF-92EC-B2C7C126A1CF}.Release|x64.Build.0 = Release|Any CPU
		{FE4CE35A-6370-41AF-92EC-B2C7C126A1CF}.Release|x86.ActiveCfg = Release|Any CPU
		{FE4CE35A-6370-41AF-92EC-B2C7C126A1CF}.Release|x86.Build.0 = Release|Any CPU
		{3212D040-D68C-449B-BAA4-CBFE66337B8A}.Ad-Hoc|Any CPU.ActiveCfg = Debug|Any CPU
		{3212D040-D68C-449B-BAA4-CBFE66337B8A}.Ad-Hoc|Any CPU.Build.0 = Debug|Any CPU
		{3212D040-D68C-449B-BAA4-CBFE66337B8A}.Ad-Hoc|ARM.ActiveCfg = Debug|Any CPU
		{3212D040-D68C-449B-BAA4-CBFE66337B8A}.Ad-Hoc|ARM.Build.0 = Debug|Any CPU
		{3212D040-D68C-449B-BAA4-CBFE66337B8A}.Ad-Hoc|ARM64.ActiveCfg = Debug|Any CPU
		{3212D040-D68C-449B-BAA4-CBFE66337B8A}.Ad-Hoc|ARM64.Build.0 = Debug|Any CPU
		{3212D040-D68C-449B-BAA4-CBFE66337B8A}.Ad-Hoc|iPhone.ActiveCfg = Debug|Any CPU
		{3212D040-D68C-449B-BAA4-CBFE66337B8A}.Ad-Hoc|iPhone.Build.0 = Debug|Any CPU
		{3212D040-D68C-449B-BAA4-CBFE66337B8A}.Ad-Hoc|iPhoneSimulator.ActiveCfg = Debug|Any CPU
		{3212D040-D68C-449B-BAA4-CBFE66337B8A}.Ad-Hoc|iPhoneSimulator.Build.0 = Debug|Any CPU
		{3212D040-D68C-449B-BAA4-CBFE66337B8A}.Ad-Hoc|x64.ActiveCfg = Debug|Any CPU
		{3212D040-D68C-449B-BAA4-CBFE66337B8A}.Ad-Hoc|x64.Build.0 = Debug|Any CPU
		{3212D040-D68C-449B-BAA4-CBFE66337B8A}.Ad-Hoc|x86.ActiveCfg = Debug|Any CPU
		{3212D040-D68C-449B-BAA4-CBFE66337B8A}.Ad-Hoc|x86.Build.0 = Debug|Any CPU
		{3212D040-D68C-449B-BAA4-CBFE66337B8A}.AppStore|Any CPU.ActiveCfg = Debug|Any CPU
		{3212D040-D68C-449B-BAA4-CBFE66337B8A}.AppStore|Any CPU.Build.0 = Debug|Any CPU
		{3212D040-D68C-449B-BAA4-CBFE66337B8A}.AppStore|ARM.ActiveCfg = Debug|Any CPU
		{3212D040-D68C-449B-BAA4-CBFE66337B8A}.AppStore|ARM.Build.0 = Debug|Any CPU
		{3212D040-D68C-449B-BAA4-CBFE66337B8A}.AppStore|ARM64.ActiveCfg = Debug|Any CPU
		{3212D040-D68C-449B-BAA4-CBFE66337B8A}.AppStore|ARM64.Build.0 = Debug|Any CPU
		{3212D040-D68C-449B-BAA4-CBFE66337B8A}.AppStore|iPhone.ActiveCfg = Debug|Any CPU
		{3212D040-D68C-449B-BAA4-CBFE66337B8A}.AppStore|iPhone.Build.0 = Debug|Any CPU
		{3212D040-D68C-449B-BAA4-CBFE66337B8A}.AppStore|iPhoneSimulator.ActiveCfg = Debug|Any CPU
		{3212D040-D68C-449B-BAA4-CBFE66337B8A}.AppStore|iPhoneSimulator.Build.0 = Debug|Any CPU
		{3212D040-D68C-449B-BAA4-CBFE66337B8A}.AppStore|x64.ActiveCfg = Debug|Any CPU
		{3212D040-D68C-449B-BAA4-CBFE66337B8A}.AppStore|x64.Build.0 = Debug|Any CPU
		{3212D040-D68C-449B-BAA4-CBFE66337B8A}.AppStore|x86.ActiveCfg = Debug|Any CPU
		{3212D040-D68C-449B-BAA4-CBFE66337B8A}.AppStore|x86.Build.0 = Debug|Any CPU
		{3212D040-D68C-449B-BAA4-CBFE66337B8A}.Debug|Any CPU.ActiveCfg = Debug|Any CPU
		{3212D040-D68C-449B-BAA4-CBFE66337B8A}.Debug|Any CPU.Build.0 = Debug|Any CPU
		{3212D040-D68C-449B-BAA4-CBFE66337B8A}.Debug|ARM.ActiveCfg = Debug|Any CPU
		{3212D040-D68C-449B-BAA4-CBFE66337B8A}.Debug|ARM.Build.0 = Debug|Any CPU
		{3212D040-D68C-449B-BAA4-CBFE66337B8A}.Debug|ARM64.ActiveCfg = Debug|Any CPU
		{3212D040-D68C-449B-BAA4-CBFE66337B8A}.Debug|ARM64.Build.0 = Debug|Any CPU
		{3212D040-D68C-449B-BAA4-CBFE66337B8A}.Debug|iPhone.ActiveCfg = Debug|Any CPU
		{3212D040-D68C-449B-BAA4-CBFE66337B8A}.Debug|iPhone.Build.0 = Debug|Any CPU
		{3212D040-D68C-449B-BAA4-CBFE66337B8A}.Debug|iPhoneSimulator.ActiveCfg = Debug|Any CPU
		{3212D040-D68C-449B-BAA4-CBFE66337B8A}.Debug|iPhoneSimulator.Build.0 = Debug|Any CPU
		{3212D040-D68C-449B-BAA4-CBFE66337B8A}.Debug|x64.ActiveCfg = Debug|Any CPU
		{3212D040-D68C-449B-BAA4-CBFE66337B8A}.Debug|x64.Build.0 = Debug|Any CPU
		{3212D040-D68C-449B-BAA4-CBFE66337B8A}.Debug|x86.ActiveCfg = Debug|Any CPU
		{3212D040-D68C-449B-BAA4-CBFE66337B8A}.Debug|x86.Build.0 = Debug|Any CPU
		{3212D040-D68C-449B-BAA4-CBFE66337B8A}.Release|Any CPU.ActiveCfg = Release|Any CPU
		{3212D040-D68C-449B-BAA4-CBFE66337B8A}.Release|Any CPU.Build.0 = Release|Any CPU
		{3212D040-D68C-449B-BAA4-CBFE66337B8A}.Release|ARM.ActiveCfg = Release|Any CPU
		{3212D040-D68C-449B-BAA4-CBFE66337B8A}.Release|ARM.Build.0 = Release|Any CPU
		{3212D040-D68C-449B-BAA4-CBFE66337B8A}.Release|ARM64.ActiveCfg = Release|Any CPU
		{3212D040-D68C-449B-BAA4-CBFE66337B8A}.Release|ARM64.Build.0 = Release|Any CPU
		{3212D040-D68C-449B-BAA4-CBFE66337B8A}.Release|iPhone.ActiveCfg = Release|Any CPU
		{3212D040-D68C-449B-BAA4-CBFE66337B8A}.Release|iPhone.Build.0 = Release|Any CPU
		{3212D040-D68C-449B-BAA4-CBFE66337B8A}.Release|iPhoneSimulator.ActiveCfg = Release|Any CPU
		{3212D040-D68C-449B-BAA4-CBFE66337B8A}.Release|iPhoneSimulator.Build.0 = Release|Any CPU
		{3212D040-D68C-449B-BAA4-CBFE66337B8A}.Release|x64.ActiveCfg = Release|Any CPU
		{3212D040-D68C-449B-BAA4-CBFE66337B8A}.Release|x64.Build.0 = Release|Any CPU
		{3212D040-D68C-449B-BAA4-CBFE66337B8A}.Release|x86.ActiveCfg = Release|Any CPU
		{3212D040-D68C-449B-BAA4-CBFE66337B8A}.Release|x86.Build.0 = Release|Any CPU
	EndGlobalSection
	GlobalSection(SolutionProperties) = preSolution
		HideSolutionNode = FALSE
	EndGlobalSection
	GlobalSection(NestedProjects) = preSolution
		{B359CAF0-140B-414F-B156-CDDFF51BE5A4} = {C51037EC-4616-4201-9923-B8CD75A21CCB}
		{E4DBCA19-933C-41F4-B5E8-F47426C17BF0} = {C51037EC-4616-4201-9923-B8CD75A21CCB}
		{DF5A3BA1-2779-4C61-B65F-152B0DF9C945} = {C51037EC-4616-4201-9923-B8CD75A21CCB}
		{D74886DF-2855-4157-9ED9-08CE9C049E18} = {C51037EC-4616-4201-9923-B8CD75A21CCB}
		{0A7F3C82-F914-44B2-9EDA-8D98DB8C1B81} = {C51037EC-4616-4201-9923-B8CD75A21CCB}
		{DD6029FF-F988-4E00-8C82-AA048E959CCB} = {C51037EC-4616-4201-9923-B8CD75A21CCB}
		{B01880BB-0F40-4172-8CC6-818E360B9588} = {C51037EC-4616-4201-9923-B8CD75A21CCB}
		{F8EC16CE-3E1D-46AE-8B0D-FEDCC8C8EB1D} = {C51037EC-4616-4201-9923-B8CD75A21CCB}
		{FE4CE35A-6370-41AF-92EC-B2C7C126A1CF} = {C51037EC-4616-4201-9923-B8CD75A21CCB}
	EndGlobalSection
	GlobalSection(ExtensibilityGlobals) = postSolution
		SolutionGuid = {44B00766-EF94-40BE-9131-85650D00F00E}
	EndGlobalSection
EndGlobal
